
Microsoft Visual Studio Solution File, Format Version 12.00
Project("{FAE04EC0-301F-11D3-BF4B-00C04F79EFBC}") = "MedCompatibility", "MedCompatibility\MedCompatibility.csproj", "{4692752C-CB98-4D4F-B743-ED81732B12EC}"
EndProject
Global
	GlobalSection(SolutionConfigurationPlatforms) = preSolution
		Debug|Any CPU = Debug|Any CPU
		Release|Any CPU = Release|Any CPU
	EndGlobalSection
	GlobalSection(ProjectConfigurationPlatforms) = postSolution
		{4692752C-CB98-4D4F-B743-ED81732B12EC}.Debug|Any CPU.ActiveCfg = Debug|Any CPU
		{4692752C-CB98-4D4F-B743-ED81732B12EC}.Debug|Any CPU.Build.0 = Debug|Any CPU
		{4692752C-CB98-4D4F-B743-ED81732B12EC}.Release|Any CPU.ActiveCfg = Release|Any CPU
		{4692752C-CB98-4D4F-B743-ED81732B12EC}.Release|Any CPU.Build.0 = Release|Any CPU
	EndGlobalSection
EndGlobal
